
Microsoft Visual Studio Solution File, Format Version 12.00
# Visual Studio Version 17
VisualStudioVersion = 17.10.34928.147
MinimumVisualStudioVersion = 10.0.40219.1
Project("{FAE04EC0-301F-11D3-BF4B-00C04F79EFBC}") = "AhmedStore", "AhmedStore.csproj", "{500DAE54-A205-4CF1-8436-90EAEA7C214F}"
EndProject
Global
	GlobalSection(SolutionConfigurationPlatforms) = preSolution
		Debug|Any CPU = Debug|Any CPU
		Release|Any CPU = Release|Any CPU
	EndGlobalSection
	GlobalSection(ProjectConfigurationPlatforms) = postSolution
		{500DAE54-A205-4CF1-8436-90EAEA7C214F}.Debug|Any CPU.ActiveCfg = Debug|Any CPU
		{500DAE54-A205-4CF1-8436-90EAEA7C214F}.Debug|Any CPU.Build.0 = Debug|Any CPU
		{500DAE54-A205-4CF1-8436-90EAEA7C214F}.Release|Any CPU.ActiveCfg = Release|Any CPU
		{500DAE54-A205-4CF1-8436-90EAEA7C214F}.Release|Any CPU.Build.0 = Release|Any CPU
	EndGlobalSection
	GlobalSection(SolutionProperties) = preSolution
		HideSolutionNode = FALSE
	EndGlobalSection
	GlobalSection(ExtensibilityGlobals) = postSolution
		SolutionGuid = {B554C4B3-353D-44C1-A938-5830EAE87FF0}
	EndGlobalSection
EndGlobal
